
Microsoft Visual Studio Solution File, Format Version 12.00
# Visual Studio Version 16
VisualStudioVersion = 16.0.31624.102
MinimumVisualStudioVersion = 10.0.40219.1
Project("{FAE04EC0-301F-11D3-BF4B-00C04F79EFBC}") = "View", "View.csproj", "{A9078971-7A27-4B27-A24C-3A10BE5416FE}"
EndProject
Project("{FAE04EC0-301F-11D3-BF4B-00C04F79EFBC}") = "Model", "..\LB33\Model.csproj", "{48B7DDC9-FD1B-43FA-A17F-A33A1A708225}"
EndProject
Global
	GlobalSection(SolutionConfigurationPlatforms) = preSolution
		Debug|Any CPU = Debug|Any CPU
		Release|Any CPU = Release|Any CPU
	EndGlobalSection
	GlobalSection(ProjectConfigurationPlatforms) = postSolution
		{A9078971-7A27-4B27-A24C-3A10BE5416FE}.Debug|Any CPU.ActiveCfg = Debug|Any CPU
		{A9078971-7A27-4B27-A24C-3A10BE5416FE}.Debug|Any CPU.Build.0 = Debug|Any CPU
		{A9078971-7A27-4B27-A24C-3A10BE5416FE}.Release|Any CPU.ActiveCfg = Release|Any CPU
		{A9078971-7A27-4B27-A24C-3A10BE5416FE}.Release|Any CPU.Build.0 = Release|Any CPU
		{48B7DDC9-FD1B-43FA-A17F-A33A1A708225}.Debug|Any CPU.ActiveCfg = Debug|Any CPU
		{48B7DDC9-FD1B-43FA-A17F-A33A1A708225}.Debug|Any CPU.Build.0 = Debug|Any CPU
		{48B7DDC9-FD1B-43FA-A17F-A33A1A708225}.Release|Any CPU.ActiveCfg = Release|Any CPU
		{48B7DDC9-FD1B-43FA-A17F-A33A1A708225}.Release|Any CPU.Build.0 = Release|Any CPU
	EndGlobalSection
	GlobalSection(SolutionProperties) = preSolution
		HideSolutionNode = FALSE
	EndGlobalSection
	GlobalSection(ExtensibilityGlobals) = postSolution
		SolutionGuid = {ED4BFC9C-A349-4F85-BB0A-937E04B731A4}
	EndGlobalSection
EndGlobal
